# tulpar.lock — auto-generated by `tulpar pkg install`.
# DO NOT EDIT. Commit alongside tulpar.toml so re-installs are reproducible.

[resolved]
demo = "https://api.pkg.tulparlang.dev/v1/packages/demo/versions/1.0.1/source"

[checksums]
demo = "36f087b1837729adee262e8d49997b159ca0853f63b8f330a86fa09ba5a9ebfa"
